
Microsoft Visual Studio Solution File, Format Version 12.00
# Visual Studio Version 17
VisualStudioVersion = 17.6.33815.320
MinimumVisualStudioVersion = 10.0.40219.1
Project("{FAE04EC0-301F-11D3-BF4B-00C04F79EFBC}") = "EjemploGit", "EjemploGit.csproj", "{E0D488B2-98F6-4A4F-85D3-8302421877BD}"
EndProject
Global
	GlobalSection(SolutionConfigurationPlatforms) = preSolution
		Debug|Any CPU = Debug|Any CPU
		Release|Any CPU = Release|Any CPU
	EndGlobalSection
	GlobalSection(ProjectConfigurationPlatforms) = postSolution
		{E0D488B2-98F6-4A4F-85D3-8302421877BD}.Debug|Any CPU.ActiveCfg = Debug|Any CPU
		{E0D488B2-98F6-4A4F-85D3-8302421877BD}.Debug|Any CPU.Build.0 = Debug|Any CPU
		{E0D488B2-98F6-4A4F-85D3-8302421877BD}.Release|Any CPU.ActiveCfg = Release|Any CPU
		{E0D488B2-98F6-4A4F-85D3-8302421877BD}.Release|Any CPU.Build.0 = Release|Any CPU
	EndGlobalSection
	GlobalSection(SolutionProperties) = preSolution
		HideSolutionNode = FALSE
	EndGlobalSection
	GlobalSection(ExtensibilityGlobals) = postSolution
		SolutionGuid = {43878DA5-C9F8-496F-931F-D05CD6F8EBA0}
	EndGlobalSection
EndGlobal
